
Microsoft Visual Studio Solution File, Format Version 12.00
# Visual Studio Version 17
VisualStudioVersion = 17.9.34616.47
MinimumVisualStudioVersion = 10.0.40219.1
Project("{FAE04EC0-301F-11D3-BF4B-00C04F79EFBC}") = "ControleAtletas", "ControleAtletas\ControleAtletas.csproj", "{249C9AAC-D1F6-45E5-8D44-C2BFB6AD7206}"
EndProject
Global
	GlobalSection(SolutionConfigurationPlatforms) = preSolution
		Debug|Any CPU = Debug|Any CPU
		Release|Any CPU = Release|Any CPU
	EndGlobalSection
	GlobalSection(ProjectConfigurationPlatforms) = postSolution
		{249C9AAC-D1F6-45E5-8D44-C2BFB6AD7206}.Debug|Any CPU.ActiveCfg = Debug|Any CPU
		{249C9AAC-D1F6-45E5-8D44-C2BFB6AD7206}.Debug|Any CPU.Build.0 = Debug|Any CPU
		{249C9AAC-D1F6-45E5-8D44-C2BFB6AD7206}.Release|Any CPU.ActiveCfg = Release|Any CPU
		{249C9AAC-D1F6-45E5-8D44-C2BFB6AD7206}.Release|Any CPU.Build.0 = Release|Any CPU
	EndGlobalSection
	GlobalSection(SolutionProperties) = preSolution
		HideSolutionNode = FALSE
	EndGlobalSection
	GlobalSection(ExtensibilityGlobals) = postSolution
		SolutionGuid = {FF29821C-4D1B-45A9-B7C2-4288BD1A391A}
	EndGlobalSection
EndGlobal
